
Microsoft Visual Studio Solution File, Format Version 12.00
# Visual Studio 15
VisualStudioVersion = 15.0.27703.2026
MinimumVisualStudioVersion = 10.0.40219.1
Project("{FAE04EC0-301F-11D3-BF4B-00C04F79EFBC}") = "Marvel.Web.Tests", "Marvel.Web.Tests\Marvel.Web.Tests.csproj", "{3BE6946F-FA78-4D4D-BA4E-9ACF80320B44}"
EndProject
Project("{FAE04EC0-301F-11D3-BF4B-00C04F79EFBC}") = "Marvel.Services", "Marvel.Services\Marvel.Services.csproj", "{623DBFCA-2665-4F09-BBF3-37C4551781DE}"
EndProject
Project("{FAE04EC0-301F-11D3-BF4B-00C04F79EFBC}") = "Marvel.Services.Tests", "Marvel.Services.Tests\Marvel.Services.Tests.csproj", "{3D6DA3C2-DE22-4EDE-A14C-4457D57E6A6D}"
EndProject
Project("{FAE04EC0-301F-11D3-BF4B-00C04F79EFBC}") = "Marvel.Web", "Marvel.Web\Marvel.Web.csproj", "{7961CD61-D850-4BE5-80AC-5EA29DC66D32}"
EndProject
Global
	GlobalSection(SolutionConfigurationPlatforms) = preSolution
		Debug|Any CPU = Debug|Any CPU
		Release|Any CPU = Release|Any CPU
	EndGlobalSection
	GlobalSection(ProjectConfigurationPlatforms) = postSolution
		{3BE6946F-FA78-4D4D-BA4E-9ACF80320B44}.Debug|Any CPU.ActiveCfg = Debug|Any CPU
		{3BE6946F-FA78-4D4D-BA4E-9ACF80320B44}.Debug|Any CPU.Build.0 = Debug|Any CPU
		{3BE6946F-FA78-4D4D-BA4E-9ACF80320B44}.Release|Any CPU.ActiveCfg = Release|Any CPU
		{3BE6946F-FA78-4D4D-BA4E-9ACF80320B44}.Release|Any CPU.Build.0 = Release|Any CPU
		{623DBFCA-2665-4F09-BBF3-37C4551781DE}.Debug|Any CPU.ActiveCfg = Debug|Any CPU
		{623DBFCA-2665-4F09-BBF3-37C4551781DE}.Debug|Any CPU.Build.0 = Debug|Any CPU
		{623DBFCA-2665-4F09-BBF3-37C4551781DE}.Release|Any CPU.ActiveCfg = Release|Any CPU
		{623DBFCA-2665-4F09-BBF3-37C4551781DE}.Release|Any CPU.Build.0 = Release|Any CPU
		{3D6DA3C2-DE22-4EDE-A14C-4457D57E6A6D}.Debug|Any CPU.ActiveCfg = Debug|Any CPU
		{3D6DA3C2-DE22-4EDE-A14C-4457D57E6A6D}.Debug|Any CPU.Build.0 = Debug|Any CPU
		{3D6DA3C2-DE22-4EDE-A14C-4457D57E6A6D}.Release|Any CPU.ActiveCfg = Release|Any CPU
		{3D6DA3C2-DE22-4EDE-A14C-4457D57E6A6D}.Release|Any CPU.Build.0 = Release|Any CPU
		{7961CD61-D850-4BE5-80AC-5EA29DC66D32}.Debug|Any CPU.ActiveCfg = Debug|Any CPU
		{7961CD61-D850-4BE5-80AC-5EA29DC66D32}.Debug|Any CPU.Build.0 = Debug|Any CPU
		{7961CD61-D850-4BE5-80AC-5EA29DC66D32}.Release|Any CPU.ActiveCfg = Release|Any CPU
		{7961CD61-D850-4BE5-80AC-5EA29DC66D32}.Release|Any CPU.Build.0 = Release|Any CPU
	EndGlobalSection
	GlobalSection(SolutionProperties) = preSolution
		HideSolutionNode = FALSE
	EndGlobalSection
	GlobalSection(ExtensibilityGlobals) = postSolution
		SolutionGuid = {01ACFEB1-29D1-4836-8A1F-A8013E6880AA}
	EndGlobalSection
EndGlobal
