
Microsoft Visual Studio Solution File, Format Version 12.00
# Visual Studio 15
VisualStudioVersion = 15.0.27703.2026
MinimumVisualStudioVersion = 10.0.40219.1
Project("{FAE04EC0-301F-11D3-BF4B-00C04F79EFBC}") = "PhotoAlbum.Services", "PhotoAlbum.Services\PhotoAlbum.Services.csproj", "{623DBFCA-2665-4F09-BBF3-37C4551781DE}"
EndProject
Project("{FAE04EC0-301F-11D3-BF4B-00C04F79EFBC}") = "PhotoAlbum.Services.Tests", "PhotoAlbum.Services.Tests\PhotoAlbum.Services.Tests.csproj", "{3D6DA3C2-DE22-4EDE-A14C-4457D57E6A6D}"
EndProject
Project("{FAE04EC0-301F-11D3-BF4B-00C04F79EFBC}") = "PhotoAlbum.WebApi", "PhotoAlbum.Api\PhotoAlbum.WebApi.csproj", "{609CB72F-D164-4CD0-9687-792795505DE4}"
EndProject
Project("{FAE04EC0-301F-11D3-BF4B-00C04F79EFBC}") = "PhotoAlbum.WebApi.Tests", "PhotoAlbum.WebApi.Tests\PhotoAlbum.WebApi.Tests.csproj", "{A2E598AC-6C1D-417D-8DEF-559483E375F9}"
EndProject
Global
	GlobalSection(SolutionConfigurationPlatforms) = preSolution
		Debug|Any CPU = Debug|Any CPU
		Release|Any CPU = Release|Any CPU
	EndGlobalSection
	GlobalSection(ProjectConfigurationPlatforms) = postSolution
		{623DBFCA-2665-4F09-BBF3-37C4551781DE}.Debug|Any CPU.ActiveCfg = Debug|Any CPU
		{623DBFCA-2665-4F09-BBF3-37C4551781DE}.Debug|Any CPU.Build.0 = Debug|Any CPU
		{623DBFCA-2665-4F09-BBF3-37C4551781DE}.Release|Any CPU.ActiveCfg = Release|Any CPU
		{623DBFCA-2665-4F09-BBF3-37C4551781DE}.Release|Any CPU.Build.0 = Release|Any CPU
		{3D6DA3C2-DE22-4EDE-A14C-4457D57E6A6D}.Debug|Any CPU.ActiveCfg = Debug|Any CPU
		{3D6DA3C2-DE22-4EDE-A14C-4457D57E6A6D}.Debug|Any CPU.Build.0 = Debug|Any CPU
		{3D6DA3C2-DE22-4EDE-A14C-4457D57E6A6D}.Release|Any CPU.ActiveCfg = Release|Any CPU
		{3D6DA3C2-DE22-4EDE-A14C-4457D57E6A6D}.Release|Any CPU.Build.0 = Release|Any CPU
		{609CB72F-D164-4CD0-9687-792795505DE4}.Debug|Any CPU.ActiveCfg = Debug|Any CPU
		{609CB72F-D164-4CD0-9687-792795505DE4}.Debug|Any CPU.Build.0 = Debug|Any CPU
		{609CB72F-D164-4CD0-9687-792795505DE4}.Release|Any CPU.ActiveCfg = Release|Any CPU
		{609CB72F-D164-4CD0-9687-792795505DE4}.Release|Any CPU.Build.0 = Release|Any CPU
		{A2E598AC-6C1D-417D-8DEF-559483E375F9}.Debug|Any CPU.ActiveCfg = Debug|Any CPU
		{A2E598AC-6C1D-417D-8DEF-559483E375F9}.Debug|Any CPU.Build.0 = Debug|Any CPU
		{A2E598AC-6C1D-417D-8DEF-559483E375F9}.Release|Any CPU.ActiveCfg = Release|Any CPU
		{A2E598AC-6C1D-417D-8DEF-559483E375F9}.Release|Any CPU.Build.0 = Release|Any CPU
	EndGlobalSection
	GlobalSection(SolutionProperties) = preSolution
		HideSolutionNode = FALSE
	EndGlobalSection
	GlobalSection(ExtensibilityGlobals) = postSolution
		SolutionGuid = {01ACFEB1-29D1-4836-8A1F-A8013E6880AA}
	EndGlobalSection
EndGlobal
